<?xml version="1.0" encoding="UTF-8" standalone="yes" ?>
<CodeBlocks_project_file>
	<FileVersion major="1" minor="6" />
	<Project>
		<Option title="TDA_t_diccionario" />
		<Option pch_mode="2" />
		<Option compiler="gcc" />
		<Build>
			<Target title="Debug">
				<Option output="bin/Debug/TDA_t_diccionario" prefix_auto="1" extension_auto="1" />
				<Option working_dir="" />
				<Option object_output="obj/Debug/" />
				<Option type="2" />
				<Option compiler="gcc" />
				<Compiler>
					<Add option="-g" />
				</Compiler>
			</Target>
			<Target title="Release">
				<Option output="bin/Release/TDA_t_diccionario" prefix_auto="1" extension_auto="1" />
				<Option object_output="obj/Release/" />
				<Option type="1" />
				<Option compiler="gcc" />
				<Compiler>
					<Add option="-O2" />
				</Compiler>
				<Linker>
					<Add option="-s" />
				</Linker>
			</Target>
		</Build>
		<Compiler>
			<Add option="-Wall" />
		</Compiler>
		<Unit filename="../TDA_t_ListaDiccionario/ListaDiccionario.c">
			<Option compilerVar="CC" />
		</Unit>
		<Unit filename="../TDA_t_ListaDiccionario/ListaDiccionario.h" />
		<Unit filename="QA/PruebasChar.c">
			<Option compilerVar="CC" />
			<Option target="Release" />
		</Unit>
		<Unit filename="QA/PruebasInt.c">
			<Option compilerVar="CC" />
			<Option target="Release" />
		</Unit>
		<Unit filename="QA/PruebasKey.h">
			<Option target="Release" />
		</Unit>
		<Unit filename="fuente/Diccionario.c">
			<Option compilerVar="CC" />
		</Unit>
		<Unit filename="headers/diccionario.h" />
		<Unit filename="main.c">
			<Option compilerVar="CC" />
			<Option target="Release" />
		</Unit>
		<Extensions />
	</Project>
</CodeBlocks_project_file>
